
Microsoft Visual Studio Solution File, Format Version 12.00
# Visual Studio Version 17
VisualStudioVersion = 17.1.32228.430
MinimumVisualStudioVersion = 10.0.40219.1
Project("{FAE04EC0-301F-11D3-BF4B-00C04F79EFBC}") = "Heeblo", "Heeblo\Heeblo.csproj", "{2161CD20-9024-4106-B829-DB5714EF5F59}"
EndProject
Global
	GlobalSection(SolutionConfigurationPlatforms) = preSolution
		Debug|Any CPU = Debug|Any CPU
		Release|Any CPU = Release|Any CPU
	EndGlobalSection
	GlobalSection(ProjectConfigurationPlatforms) = postSolution
		{2161CD20-9024-4106-B829-DB5714EF5F59}.Debug|Any CPU.ActiveCfg = Debug|Any CPU
		{2161CD20-9024-4106-B829-DB5714EF5F59}.Debug|Any CPU.Build.0 = Debug|Any CPU
		{2161CD20-9024-4106-B829-DB5714EF5F59}.Release|Any CPU.ActiveCfg = Release|Any CPU
		{2161CD20-9024-4106-B829-DB5714EF5F59}.Release|Any CPU.Build.0 = Release|Any CPU
	EndGlobalSection
	GlobalSection(SolutionProperties) = preSolution
		HideSolutionNode = FALSE
	EndGlobalSection
	GlobalSection(ExtensibilityGlobals) = postSolution
		SolutionGuid = {3251D7C8-3F08-4B5A-9376-615F47A7D267}
	EndGlobalSection
EndGlobal
